
Microsoft Visual Studio Solution File, Format Version 12.00
Project("{FAE04EC0-301F-11D3-BF4B-00C04F79EFBC}") = "EvlDaemon.Service", "EvlDaemon.Service\EvlDaemon.Service.csproj", "{C0620300-D665-4920-BFB0-DBD0961427AB}"
EndProject
Project("{2150E333-8FDC-42A3-9474-1A3956D46DE8}") = "Test", "Test", "{041DFFD3-54CC-44BA-B403-A7DDFD4117D7}"
EndProject
Project("{2150E333-8FDC-42A3-9474-1A3956D46DE8}") = "Source", "Source", "{942B6C49-34B8-40EF-A934-FB540A03E759}"
EndProject
Project("{FAE04EC0-301F-11D3-BF4B-00C04F79EFBC}") = "EvlDaemon.Core.Test", "Test\EvlDaemon.Core.Test\EvlDaemon.Core.Test.csproj", "{6A9E3367-53B9-4DF2-BDF7-47291752DEAD}"
EndProject
Project("{FAE04EC0-301F-11D3-BF4B-00C04F79EFBC}") = "EvlDaemon.Core", "EvlDaemon.Core\EvlDaemon.Core.csproj", "{C9399DD3-F0D5-4298-82D6-CF174A890719}"
EndProject
Global
	GlobalSection(SolutionConfigurationPlatforms) = preSolution
		Debug|Any CPU = Debug|Any CPU
		Release|Any CPU = Release|Any CPU
	EndGlobalSection
	GlobalSection(ProjectConfigurationPlatforms) = postSolution
		{C0620300-D665-4920-BFB0-DBD0961427AB}.Debug|Any CPU.ActiveCfg = Debug|Any CPU
		{C0620300-D665-4920-BFB0-DBD0961427AB}.Debug|Any CPU.Build.0 = Debug|Any CPU
		{C0620300-D665-4920-BFB0-DBD0961427AB}.Release|Any CPU.ActiveCfg = Release|Any CPU
		{C0620300-D665-4920-BFB0-DBD0961427AB}.Release|Any CPU.Build.0 = Release|Any CPU
		{6A9E3367-53B9-4DF2-BDF7-47291752DEAD}.Debug|Any CPU.ActiveCfg = Debug|Any CPU
		{6A9E3367-53B9-4DF2-BDF7-47291752DEAD}.Debug|Any CPU.Build.0 = Debug|Any CPU
		{6A9E3367-53B9-4DF2-BDF7-47291752DEAD}.Release|Any CPU.ActiveCfg = Release|Any CPU
		{6A9E3367-53B9-4DF2-BDF7-47291752DEAD}.Release|Any CPU.Build.0 = Release|Any CPU
		{C9399DD3-F0D5-4298-82D6-CF174A890719}.Debug|Any CPU.ActiveCfg = Debug|Any CPU
		{C9399DD3-F0D5-4298-82D6-CF174A890719}.Debug|Any CPU.Build.0 = Debug|Any CPU
		{C9399DD3-F0D5-4298-82D6-CF174A890719}.Release|Any CPU.ActiveCfg = Release|Any CPU
		{C9399DD3-F0D5-4298-82D6-CF174A890719}.Release|Any CPU.Build.0 = Release|Any CPU
	EndGlobalSection
	GlobalSection(NestedProjects) = preSolution
		{C0620300-D665-4920-BFB0-DBD0961427AB} = {942B6C49-34B8-40EF-A934-FB540A03E759}
		{6A9E3367-53B9-4DF2-BDF7-47291752DEAD} = {041DFFD3-54CC-44BA-B403-A7DDFD4117D7}
		{C9399DD3-F0D5-4298-82D6-CF174A890719} = {942B6C49-34B8-40EF-A934-FB540A03E759}
	EndGlobalSection
EndGlobal
